// !$*UTF8*$!
{
	archiveVersion = 1;
	classes = {
	};
	objectVersion = 50;
	objects = {

/* Begin PBXBuildFile section */
		1B1BB4CCCB351216C8CC41C8 /* libPods-MSViewBorder.a in Frameworks */ = {isa = PBXBuildFile; fileRef = 9025096A22FE629E130476B3 /* libPods-MSViewBorder.a */; };
		4E02783E22B1D2C500B2219C /* UIView+MSViewBorder.m in Sources */ = {isa = PBXBuildFile; fileRef = 4E02783D22B1D2C500B2219C /* UIView+MSViewBorder.m */; };
		4ED50CEA22B0FF6700241BE5 /* AppDelegate.m in Sources */ = {isa = PBXBuildFile; fileRef = 4ED50CE922B0FF6700241BE5 /* AppDelegate.m */; };
		4ED50CED22B0FF6700241BE5 /* ViewController.m in Sources */ = {isa = PBXBuildFile; fileRef = 4ED50CEC22B0FF6700241BE5 /* ViewController.m */; };
		4ED50CF022B0FF6700241BE5 /* Main.storyboard in Resources */ = {isa = PBXBuildFile; fileRef = 4ED50CEE22B0FF6700241BE5 /* Main.storyboard */; };
		4ED50CF222B0FF6800241BE5 /* Assets.xcassets in Resources */ = {isa = PBXBuildFile; fileRef = 4ED50CF122B0FF6800241BE5 /* Assets.xcassets */; };
		4ED50CF522B0FF6800241BE5 /* LaunchScreen.storyboard in Resources */ = {isa = PBXBuildFile; fileRef = 4ED50CF322B0FF6800241BE5 /* LaunchScreen.storyboard */; };
		4ED50CF822B0FF6800241BE5 /* main.m in Sources */ = {isa = PBXBuildFile; fileRef = 4ED50CF722B0FF6800241BE5 /* main.m */; };
		4ED50D0222B0FF6800241BE5 /* MSViewBorderTests.m in Sources */ = {isa = PBXBuildFile; fileRef = 4ED50D0122B0FF6800241BE5 /* MSViewBorderTests.m */; };
		4ED50D0D22B0FF6800241BE5 /* MSViewBorderUITests.m in Sources */ = {isa = PBXBuildFile; fileRef = 4ED50D0C22B0FF6800241BE5 /* MSViewBorderUITests.m */; };
		5CB83F62B9C25B10F2F14AB9 /* libPods-MSViewBorderUITests.a in Frameworks */ = {isa = PBXBuildFile; fileRef = B7C23E585C36F5C78A51F9EE /* libPods-MSViewBorderUITests.a */; };
		C2442D68F3F7ACB2A609A5B5 /* libPods-MSViewBorderTests.a in Frameworks */ = {isa = PBXBuildFile; fileRef = 8C9D9E00EE7EE6FD9425708C /* libPods-MSViewBorderTests.a */; };
/* End PBXBuildFile section */

/* Begin PBXContainerItemProxy section */
		4ED50CFE22B0FF6800241BE5 /* PBXContainerItemProxy */ = {
			isa = PBXContainerItemProxy;
			containerPortal = 4ED50CDD22B0FF6700241BE5 /* Project object */;
			proxyType = 1;
			remoteGlobalIDString = 4ED50CE422B0FF6700241BE5;
			remoteInfo = MSViewBorder;
		};
		4ED50D0922B0FF6800241BE5 /* PBXContainerItemProxy */ = {
			isa = PBXContainerItemProxy;
			containerPortal = 4ED50CDD22B0FF6700241BE5 /* Project object */;
			proxyType = 1;
			remoteGlobalIDString = 4ED50CE422B0FF6700241BE5;
			remoteInfo = MSViewBorder;
		};
/* End PBXContainerItemProxy section */

/* Begin PBXFileReference section */
		15BED68BA7FFDD2281B6DD9E /* Pods-MSViewBorderUITests.debug.xcconfig */ = {isa = PBXFileReference; includeInIndex = 1; lastKnownFileType = text.xcconfig; name = "Pods-MSViewBorderUITests.debug.xcconfig"; path = "Target Support Files/Pods-MSViewBorderUITests/Pods-MSViewBorderUITests.debug.xcconfig"; sourceTree = "<group>"; };
		2EFF46152B56C09B9A08B776 /* Pods-MSViewBorderTests.release.xcconfig */ = {isa = PBXFileReference; includeInIndex = 1; lastKnownFileType = text.xcconfig; name = "Pods-MSViewBorderTests.release.xcconfig"; path = "Target Support Files/Pods-MSViewBorderTests/Pods-MSViewBorderTests.release.xcconfig"; sourceTree = "<group>"; };
		4E02783C22B1D2C500B2219C /* UIView+MSViewBorder.h */ = {isa = PBXFileReference; lastKnownFileType = sourcecode.c.h; path = "UIView+MSViewBorder.h"; sourceTree = "<group>"; };
		4E02783D22B1D2C500B2219C /* UIView+MSViewBorder.m */ = {isa = PBXFileReference; lastKnownFileType = sourcecode.c.objc; path = "UIView+MSViewBorder.m"; sourceTree = "<group>"; };
		4ED50CE522B0FF6700241BE5 /* MSViewBorder.app */ = {isa = PBXFileReference; explicitFileType = wrapper.application; includeInIndex = 0; path = MSViewBorder.app; sourceTree = BUILT_PRODUCTS_DIR; };
		4ED50CE822B0FF6700241BE5 /* AppDelegate.h */ = {isa = PBXFileReference; lastKnownFileType = sourcecode.c.h; path = AppDelegate.h; sourceTree = "<group>"; };
		4ED50CE922B0FF6700241BE5 /* AppDelegate.m */ = {isa = PBXFileReference; lastKnownFileType = sourcecode.c.objc; path = AppDelegate.m; sourceTree = "<group>"; };
		4ED50CEB22B0FF6700241BE5 /* ViewController.h */ = {isa = PBXFileReference; lastKnownFileType = sourcecode.c.h; path = ViewController.h; sourceTree = "<group>"; };
		4ED50CEC22B0FF6700241BE5 /* ViewController.m */ = {isa = PBXFileReference; lastKnownFileType = sourcecode.c.objc; path = ViewController.m; sourceTree = "<group>"; };
		4ED50CEF22B0FF6700241BE5 /* Base */ = {isa = PBXFileReference; lastKnownFileType = file.storyboard; name = Base; path = Base.lproj/Main.storyboard; sourceTree = "<group>"; };
		4ED50CF122B0FF6800241BE5 /* Assets.xcassets */ = {isa = PBXFileReference; lastKnownFileType = folder.assetcatalog; path = Assets.xcassets; sourceTree = "<group>"; };
		4ED50CF422B0FF6800241BE5 /* Base */ = {isa = PBXFileReference; lastKnownFileType = file.storyboard; name = Base; path = Base.lproj/LaunchScreen.storyboard; sourceTree = "<group>"; };
		4ED50CF622B0FF6800241BE5 /* Info.plist */ = {isa = PBXFileReference; lastKnownFileType = text.plist.xml; path = Info.plist; sourceTree = "<group>"; };
		4ED50CF722B0FF6800241BE5 /* main.m */ = {isa = PBXFileReference; lastKnownFileType = sourcecode.c.objc; path = main.m; sourceTree = "<group>"; };
		4ED50CFD22B0FF6800241BE5 /* MSViewBorderTests.xctest */ = {isa = PBXFileReference; explicitFileType = wrapper.cfbundle; includeInIndex = 0; path = MSViewBorderTests.xctest; sourceTree = BUILT_PRODUCTS_DIR; };
		4ED50D0122B0FF6800241BE5 /* MSViewBorderTests.m */ = {isa = PBXFileReference; lastKnownFileType = sourcecode.c.objc; path = MSViewBorderTests.m; sourceTree = "<group>"; };
		4ED50D0322B0FF6800241BE5 /* Info.plist */ = {isa = PBXFileReference; lastKnownFileType = text.plist.xml; path = Info.plist; sourceTree = "<group>"; };
		4ED50D0822B0FF6800241BE5 /* MSViewBorderUITests.xctest */ = {isa = PBXFileReference; explicitFileType = wrapper.cfbundle; includeInIndex = 0; path = MSViewBorderUITests.xctest; sourceTree = BUILT_PRODUCTS_DIR; };
		4ED50D0C22B0FF6800241BE5 /* MSViewBorderUITests.m */ = {isa = PBXFileReference; lastKnownFileType = sourcecode.c.objc; path = MSViewBorderUITests.m; sourceTree = "<group>"; };
		4ED50D0E22B0FF6800241BE5 /* Info.plist */ = {isa = PBXFileReference; lastKnownFileType = text.plist.xml; path = Info.plist; sourceTree = "<group>"; };
		4EF4719A1A0444987CEEE743 /* Pods-MSViewBorder.release.xcconfig */ = {isa = PBXFileReference; includeInIndex = 1; lastKnownFileType = text.xcconfig; name = "Pods-MSViewBorder.release.xcconfig"; path = "Target Support Files/Pods-MSViewBorder/Pods-MSViewBorder.release.xcconfig"; sourceTree = "<group>"; };
		7F86ECE0EF61C336095C64AC /* Pods-MSViewBorderUITests.release.xcconfig */ = {isa = PBXFileReference; includeInIndex = 1; lastKnownFileType = text.xcconfig; name = "Pods-MSViewBorderUITests.release.xcconfig"; path = "Target Support Files/Pods-MSViewBorderUITests/Pods-MSViewBorderUITests.release.xcconfig"; sourceTree = "<group>"; };
		8C9D9E00EE7EE6FD9425708C /* libPods-MSViewBorderTests.a */ = {isa = PBXFileReference; explicitFileType = archive.ar; includeInIndex = 0; path = "libPods-MSViewBorderTests.a"; sourceTree = BUILT_PRODUCTS_DIR; };
		9025096A22FE629E130476B3 /* libPods-MSViewBorder.a */ = {isa = PBXFileReference; explicitFileType = archive.ar; includeInIndex = 0; path = "libPods-MSViewBorder.a"; sourceTree = BUILT_PRODUCTS_DIR; };
		B7C23E585C36F5C78A51F9EE /* libPods-MSViewBorderUITests.a */ = {isa = PBXFileReference; explicitFileType = archive.ar; includeInIndex = 0; path = "libPods-MSViewBorderUITests.a"; sourceTree = BUILT_PRODUCTS_DIR; };
		BB9FC7F95E83AF6955507633 /* Pods-MSViewBorder.debug.xcconfig */ = {isa = PBXFileReference; includeInIndex = 1; lastKnownFileType = text.xcconfig; name = "Pods-MSViewBorder.debug.xcconfig"; path = "Target Support Files/Pods-MSViewBorder/Pods-MSViewBorder.debug.xcconfig"; sourceTree = "<group>"; };
		C44EDF8B463416ECC728D1D7 /* Pods-MSViewBorderTests.debug.xcconfig */ = {isa = PBXFileReference; includeInIndex = 1; lastKnownFileType = text.xcconfig; name = "Pods-MSViewBorderTests.debug.xcconfig"; path = "Target Support Files/Pods-MSViewBorderTests/Pods-MSViewBorderTests.debug.xcconfig"; sourceTree = "<group>"; };
/* End PBXFileReference section */

/* Begin PBXFrameworksBuildPhase section */
		4ED50CE222B0FF6700241BE5 /* Frameworks */ = {
			isa = PBXFrameworksBuildPhase;
			buildActionMask = 2147483647;
			files = (
				1B1BB4CCCB351216C8CC41C8 /* libPods-MSViewBorder.a in Frameworks */,
			);
			runOnlyForDeploymentPostprocessing = 0;
		};
		4ED50CFA22B0FF6800241BE5 /* Frameworks */ = {
			isa = PBXFrameworksBuildPhase;
			buildActionMask = 2147483647;
			files = (
				C2442D68F3F7ACB2A609A5B5 /* libPods-MSViewBorderTests.a in Frameworks */,
			);
			runOnlyForDeploymentPostprocessing = 0;
		};
		4ED50D0522B0FF6800241BE5 /* Frameworks */ = {
			isa = PBXFrameworksBuildPhase;
			buildActionMask = 2147483647;
			files = (
				5CB83F62B9C25B10F2F14AB9 /* libPods-MSViewBorderUITests.a in Frameworks */,
			);
			runOnlyForDeploymentPostprocessing = 0;
		};
/* End PBXFrameworksBuildPhase section */

/* Begin PBXGroup section */
		4ED50CDC22B0FF6700241BE5 = {
			isa = PBXGroup;
			children = (
				4ED50CE722B0FF6700241BE5 /* MSViewBorder */,
				4ED50D0022B0FF6800241BE5 /* MSViewBorderTests */,
				4ED50D0B22B0FF6800241BE5 /* MSViewBorderUITests */,
				4ED50CE622B0FF6700241BE5 /* Products */,
				FBE79788951C0D4D9FD03F59 /* Pods */,
				797364287BB6B729A4EA9324 /* Frameworks */,
			);
			sourceTree = "<group>";
		};
		4ED50CE622B0FF6700241BE5 /* Products */ = {
			isa = PBXGroup;
			children = (
				4ED50CE522B0FF6700241BE5 /* MSViewBorder.app */,
				4ED50CFD22B0FF6800241BE5 /* MSViewBorderTests.xctest */,
				4ED50D0822B0FF6800241BE5 /* MSViewBorderUITests.xctest */,
			);
			name = Products;
			sourceTree = "<group>";
		};
		4ED50CE722B0FF6700241BE5 /* MSViewBorder */ = {
			isa = PBXGroup;
			children = (
				4ED50D1A22B0FF9100241BE5 /* Classes */,
				4ED50CE822B0FF6700241BE5 /* AppDelegate.h */,
				4ED50CE922B0FF6700241BE5 /* AppDelegate.m */,
				4ED50CEB22B0FF6700241BE5 /* ViewController.h */,
				4ED50CEC22B0FF6700241BE5 /* ViewController.m */,
				4ED50CEE22B0FF6700241BE5 /* Main.storyboard */,
				4ED50CF122B0FF6800241BE5 /* Assets.xcassets */,
				4ED50CF322B0FF6800241BE5 /* LaunchScreen.storyboard */,
				4ED50CF622B0FF6800241BE5 /* Info.plist */,
				4ED50CF722B0FF6800241BE5 /* main.m */,
			);
			path = MSViewBorder;
			sourceTree = "<group>";
		};
		4ED50D0022B0FF6800241BE5 /* MSViewBorderTests */ = {
			isa = PBXGroup;
			children = (
				4ED50D0122B0FF6800241BE5 /* MSViewBorderTests.m */,
				4ED50D0322B0FF6800241BE5 /* Info.plist */,
			);
			path = MSViewBorderTests;
			sourceTree = "<group>";
		};
		4ED50D0B22B0FF6800241BE5 /* MSViewBorderUITests */ = {
			isa = PBXGroup;
			children = (
				4ED50D0C22B0FF6800241BE5 /* MSViewBorderUITests.m */,
				4ED50D0E22B0FF6800241BE5 /* Info.plist */,
			);
			path = MSViewBorderUITests;
			sourceTree = "<group>";
		};
		4ED50D1A22B0FF9100241BE5 /* Classes */ = {
			isa = PBXGroup;
			children = (
				4E02783C22B1D2C500B2219C /* UIView+MSViewBorder.h */,
				4E02783D22B1D2C500B2219C /* UIView+MSViewBorder.m */,
			);
			path = Classes;
			sourceTree = "<group>";
		};
		797364287BB6B729A4EA9324 /* Frameworks */ = {
			isa = PBXGroup;
			children = (
				9025096A22FE629E130476B3 /* libPods-MSViewBorder.a */,
				8C9D9E00EE7EE6FD9425708C /* libPods-MSViewBorderTests.a */,
				B7C23E585C36F5C78A51F9EE /* libPods-MSViewBorderUITests.a */,
			);
			name = Frameworks;
			sourceTree = "<group>";
		};
		FBE79788951C0D4D9FD03F59 /* Pods */ = {
			isa = PBXGroup;
			children = (
				BB9FC7F95E83AF6955507633 /* Pods-MSViewBorder.debug.xcconfig */,
				4EF4719A1A0444987CEEE743 /* Pods-MSViewBorder.release.xcconfig */,
				C44EDF8B463416ECC728D1D7 /* Pods-MSViewBorderTests.debug.xcconfig */,
				2EFF46152B56C09B9A08B776 /* Pods-MSViewBorderTests.release.xcconfig */,
				15BED68BA7FFDD2281B6DD9E /* Pods-MSViewBorderUITests.debug.xcconfig */,
				7F86ECE0EF61C336095C64AC /* Pods-MSViewBorderUITests.release.xcconfig */,
			);
			name = Pods;
			path = Pods;
			sourceTree = "<group>";
		};
/* End PBXGroup section */

/* Begin PBXNativeTarget section */
		4ED50CE422B0FF6700241BE5 /* MSViewBorder */ = {
			isa = PBXNativeTarget;
			buildConfigurationList = 4ED50D1122B0FF6800241BE5 /* Build configuration list for PBXNativeTarget "MSViewBorder" */;
			buildPhases = (
				433AF2D0753A69098D4C8E54 /* [CP] Check Pods Manifest.lock */,
				4ED50CE122B0FF6700241BE5 /* Sources */,
				4ED50CE222B0FF6700241BE5 /* Frameworks */,
				4ED50CE322B0FF6700241BE5 /* Resources */,
			);
			buildRules = (
			);
			dependencies = (
			);
			name = MSViewBorder;
			productName = MSViewBorder;
			productReference = 4ED50CE522B0FF6700241BE5 /* MSViewBorder.app */;
			productType = "com.apple.product-type.application";
		};
		4ED50CFC22B0FF6800241BE5 /* MSViewBorderTests */ = {
			isa = PBXNativeTarget;
			buildConfigurationList = 4ED50D1422B0FF6800241BE5 /* Build configuration list for PBXNativeTarget "MSViewBorderTests" */;
			buildPhases = (
				080202F6AE56819FCE3BD4F7 /* [CP] Check Pods Manifest.lock */,
				4ED50CF922B0FF6800241BE5 /* Sources */,
				4ED50CFA22B0FF6800241BE5 /* Frameworks */,
				4ED50CFB22B0FF6800241BE5 /* Resources */,
			);
			buildRules = (
			);
			dependencies = (
				4ED50CFF22B0FF6800241BE5 /* PBXTargetDependency */,
			);
			name = MSViewBorderTests;
			productName = MSViewBorderTests;
			productReference = 4ED50CFD22B0FF6800241BE5 /* MSViewBorderTests.xctest */;
			productType = "com.apple.product-type.bundle.unit-test";
		};
		4ED50D0722B0FF6800241BE5 /* MSViewBorderUITests */ = {
			isa = PBXNativeTarget;
			buildConfigurationList = 4ED50D1722B0FF6800241BE5 /* Build configuration list for PBXNativeTarget "MSViewBorderUITests" */;
			buildPhases = (
				F85F61F9F7F5E82E34FEB4B4 /* [CP] Check Pods Manifest.lock */,
				4ED50D0422B0FF6800241BE5 /* Sources */,
				4ED50D0522B0FF6800241BE5 /* Frameworks */,
				4ED50D0622B0FF6800241BE5 /* Resources */,
			);
			buildRules = (
			);
			dependencies = (
				4ED50D0A22B0FF6800241BE5 /* PBXTargetDependency */,
			);
			name = MSViewBorderUITests;
			productName = MSViewBorderUITests;
			productReference = 4ED50D0822B0FF6800241BE5 /* MSViewBorderUITests.xctest */;
			productType = "com.apple.product-type.bundle.ui-testing";
		};
/* End PBXNativeTarget section */

/* Begin PBXProject section */
		4ED50CDD22B0FF6700241BE5 /* Project object */ = {
			isa = PBXProject;
			attributes = {
				LastUpgradeCheck = 1020;
				ORGANIZATIONNAME = ms;
				TargetAttributes = {
					4ED50CE422B0FF6700241BE5 = {
						CreatedOnToolsVersion = 10.2.1;
					};
					4ED50CFC22B0FF6800241BE5 = {
						CreatedOnToolsVersion = 10.2.1;
						TestTargetID = 4ED50CE422B0FF6700241BE5;
					};
					4ED50D0722B0FF6800241BE5 = {
						CreatedOnToolsVersion = 10.2.1;
						TestTargetID = 4ED50CE422B0FF6700241BE5;
					};
				};
			};
			buildConfigurationList = 4ED50CE022B0FF6700241BE5 /* Build configuration list for PBXProject "MSViewBorder" */;
			compatibilityVersion = "Xcode 9.3";
			developmentRegion = en;
			hasScannedForEncodings = 0;
			knownRegions = (
				en,
				Base,
			);
			mainGroup = 4ED50CDC22B0FF6700241BE5;
			productRefGroup = 4ED50CE622B0FF6700241BE5 /* Products */;
			projectDirPath = "";
			projectRoot = "";
			targets = (
				4ED50CE422B0FF6700241BE5 /* MSViewBorder */,
				4ED50CFC22B0FF6800241BE5 /* MSViewBorderTests */,
				4ED50D0722B0FF6800241BE5 /* MSViewBorderUITests */,
			);
		};
/* End PBXProject section */

/* Begin PBXResourcesBuildPhase section */
		4ED50CE322B0FF6700241BE5 /* Resources */ = {
			isa = PBXResourcesBuildPhase;
			buildActionMask = 2147483647;
			files = (
				4ED50CF522B0FF6800241BE5 /* LaunchScreen.storyboard in Resources */,
				4ED50CF222B0FF6800241BE5 /* Assets.xcassets in Resources */,
				4ED50CF022B0FF6700241BE5 /* Main.storyboard in Resources */,
			);
			runOnlyForDeploymentPostprocessing = 0;
		};
		4ED50CFB22B0FF6800241BE5 /* Resources */ = {
			isa = PBXResourcesBuildPhase;
			buildActionMask = 2147483647;
			files = (
			);
			runOnlyForDeploymentPostprocessing = 0;
		};
		4ED50D0622B0FF6800241BE5 /* Resources */ = {
			isa = PBXResourcesBuildPhase;
			buildActionMask = 2147483647;
			files = (
			);
			runOnlyForDeploymentPostprocessing = 0;
		};
/* End PBXResourcesBuildPhase section */

/* Begin PBXShellScriptBuildPhase section */
		080202F6AE56819FCE3BD4F7 /* [CP] Check Pods Manifest.lock */ = {
			isa = PBXShellScriptBuildPhase;
			buildActionMask = 2147483647;
			files = (
			);
			inputFileListPaths = (
			);
			inputPaths = (
				"${PODS_PODFILE_DIR_PATH}/Podfile.lock",
				"${PODS_ROOT}/Manifest.lock",
			);
			name = "[CP] Check Pods Manifest.lock";
			outputFileListPaths = (
			);
			outputPaths = (
				"$(DERIVED_FILE_DIR)/Pods-MSViewBorderTests-checkManifestLockResult.txt",
			);
			runOnlyForDeploymentPostprocessing = 0;
			shellPath = /bin/sh;
			shellScript = "diff \"${PODS_PODFILE_DIR_PATH}/Podfile.lock\" \"${PODS_ROOT}/Manifest.lock\" > /dev/null\nif [ $? != 0 ] ; then\n    # print error to STDERR\n    echo \"error: The sandbox is not in sync with the Podfile.lock. Run 'pod install' or update your CocoaPods installation.\" >&2\n    exit 1\nfi\n# This output is used by Xcode 'outputs' to avoid re-running this script phase.\necho \"SUCCESS\" > \"${SCRIPT_OUTPUT_FILE_0}\"\n";
			showEnvVarsInLog = 0;
		};
		433AF2D0753A69098D4C8E54 /* [CP] Check Pods Manifest.lock */ = {
			isa = PBXShellScriptBuildPhase;
			buildActionMask = 2147483647;
			files = (
			);
			inputFileListPaths = (
			);
			inputPaths = (
				"${PODS_PODFILE_DIR_PATH}/Podfile.lock",
				"${PODS_ROOT}/Manifest.lock",
			);
			name = "[CP] Check Pods Manifest.lock";
			outputFileListPaths = (
			);
			outputPaths = (
				"$(DERIVED_FILE_DIR)/Pods-MSViewBorder-checkManifestLockResult.txt",
			);
			runOnlyForDeploymentPostprocessing = 0;
			shellPath = /bin/sh;
			shellScript = "diff \"${PODS_PODFILE_DIR_PATH}/Podfile.lock\" \"${PODS_ROOT}/Manifest.lock\" > /dev/null\nif [ $? != 0 ] ; then\n    # print error to STDERR\n    echo \"error: The sandbox is not in sync with the Podfile.lock. Run 'pod install' or update your CocoaPods installation.\" >&2\n    exit 1\nfi\n# This output is used by Xcode 'outputs' to avoid re-running this script phase.\necho \"SUCCESS\" > \"${SCRIPT_OUTPUT_FILE_0}\"\n";
			showEnvVarsInLog = 0;
		};
		F85F61F9F7F5E82E34FEB4B4 /* [CP] Check Pods Manifest.lock */ = {
			isa = PBXShellScriptBuildPhase;
			buildActionMask = 2147483647;
			files = (
			);
			inputFileListPaths = (
			);
			inputPaths = (
				"${PODS_PODFILE_DIR_PATH}/Podfile.lock",
				"${PODS_ROOT}/Manifest.lock",
			);
			name = "[CP] Check Pods Manifest.lock";
			outputFileListPaths = (
			);
			outputPaths = (
				"$(DERIVED_FILE_DIR)/Pods-MSViewBorderUITests-checkManifestLockResult.txt",
			);
			runOnlyForDeploymentPostprocessing = 0;
			shellPath = /bin/sh;
			shellScript = "diff \"${PODS_PODFILE_DIR_PATH}/Podfile.lock\" \"${PODS_ROOT}/Manifest.lock\" > /dev/null\nif [ $? != 0 ] ; then\n    # print error to STDERR\n    echo \"error: The sandbox is not in sync with the Podfile.lock. Run 'pod install' or update your CocoaPods installation.\" >&2\n    exit 1\nfi\n# This output is used by Xcode 'outputs' to avoid re-running this script phase.\necho \"SUCCESS\" > \"${SCRIPT_OUTPUT_FILE_0}\"\n";
			showEnvVarsInLog = 0;
		};
/* End PBXShellScriptBuildPhase section */

/* Begin PBXSourcesBuildPhase section */
		4ED50CE122B0FF6700241BE5 /* Sources */ = {
			isa = PBXSourcesBuildPhase;
			buildActionMask = 2147483647;
			files = (
				4ED50CED22B0FF6700241BE5 /* ViewController.m in Sources */,
				4E02783E22B1D2C500B2219C /* UIView+MSViewBorder.m in Sources */,
				4ED50CF822B0FF6800241BE5 /* main.m in Sources */,
				4ED50CEA22B0FF6700241BE5 /* AppDelegate.m in Sources */,
			);
			runOnlyForDeploymentPostprocessing = 0;
		};
		4ED50CF922B0FF6800241BE5 /* Sources */ = {
			isa = PBXSourcesBuildPhase;
			buildActionMask = 2147483647;
			files = (
				4ED50D0222B0FF6800241BE5 /* MSViewBorderTests.m in Sources */,
			);
			runOnlyForDeploymentPostprocessing = 0;
		};
		4ED50D0422B0FF6800241BE5 /* Sources */ = {
			isa = PBXSourcesBuildPhase;
			buildActionMask = 2147483647;
			files = (
				4ED50D0D22B0FF6800241BE5 /* MSViewBorderUITests.m in Sources */,
			);
			runOnlyForDeploymentPostprocessing = 0;
		};
/* End PBXSourcesBuildPhase section */

/* Begin PBXTargetDependency section */
		4ED50CFF22B0FF6800241BE5 /* PBXTargetDependency */ = {
			isa = PBXTargetDependency;
			target = 4ED50CE422B0FF6700241BE5 /* MSViewBorder */;
			targetProxy = 4ED50CFE22B0FF6800241BE5 /* PBXContainerItemProxy */;
		};
		4ED50D0A22B0FF6800241BE5 /* PBXTargetDependency */ = {
			isa = PBXTargetDependency;
			target = 4ED50CE422B0FF6700241BE5 /* MSViewBorder */;
			targetProxy = 4ED50D0922B0FF6800241BE5 /* PBXContainerItemProxy */;
		};
/* End PBXTargetDependency section */

/* Begin PBXVariantGroup section */
		4ED50CEE22B0FF6700241BE5 /* Main.storyboard */ = {
			isa = PBXVariantGroup;
			children = (
				4ED50CEF22B0FF6700241BE5 /* Base */,
			);
			name = Main.storyboard;
			sourceTree = "<group>";
		};
		4ED50CF322B0FF6800241BE5 /* LaunchScreen.storyboard */ = {
			isa = PBXVariantGroup;
			children = (
				4ED50CF422B0FF6800241BE5 /* Base */,
			);
			name = LaunchScreen.storyboard;
			sourceTree = "<group>";
		};
/* End PBXVariantGroup section */

/* Begin XCBuildConfiguration section */
		4ED50D0F22B0FF6800241BE5 /* Debug */ = {
			isa = XCBuildConfiguration;
			buildSettings = {
				ALWAYS_SEARCH_USER_PATHS = NO;
				CLANG_ANALYZER_NONNULL = YES;
				CLANG_ANALYZER_NUMBER_OBJECT_CONVERSION = YES_AGGRESSIVE;
				CLANG_CXX_LANGUAGE_STANDARD = "gnu++14";
				CLANG_CXX_LIBRARY = "libc++";
				CLANG_ENABLE_MODULES = YES;
				CLANG_ENABLE_OBJC_ARC = YES;
				CLANG_ENABLE_OBJC_WEAK = YES;
				CLANG_WARN_BLOCK_CAPTURE_AUTORELEASING = YES;
				CLANG_WARN_BOOL_CONVERSION = YES;
				CLANG_WARN_COMMA = YES;
				CLANG_WARN_CONSTANT_CONVERSION = YES;
				CLANG_WARN_DEPRECATED_OBJC_IMPLEMENTATIONS = YES;
				CLANG_WARN_DIRECT_OBJC_ISA_USAGE = YES_ERROR;
				CLANG_WARN_DOCUMENTATION_COMMENTS = YES;
				CLANG_WARN_EMPTY_BODY = YES;
				CLANG_WARN_ENUM_CONVERSION = YES;
				CLANG_WARN_INFINITE_RECURSION = YES;
				CLANG_WARN_INT_CONVERSION = YES;
				CLANG_WARN_NON_LITERAL_NULL_CONVERSION = YES;
				CLANG_WARN_OBJC_IMPLICIT_RETAIN_SELF = YES;
				CLANG_WARN_OBJC_LITERAL_CONVERSION = YES;
				CLANG_WARN_OBJC_ROOT_CLASS = YES_ERROR;
				CLANG_WARN_RANGE_LOOP_ANALYSIS = YES;
				CLANG_WARN_STRICT_PROTOTYPES = YES;
				CLANG_WARN_SUSPICIOUS_MOVE = YES;
				CLANG_WARN_UNGUARDED_AVAILABILITY = YES_AGGRESSIVE;
				CLANG_WARN_UNREACHABLE_CODE = YES;
				CLANG_WARN__DUPLICATE_METHOD_MATCH = YES;
				CODE_SIGN_IDENTITY = "iPhone Developer";
				COPY_PHASE_STRIP = NO;
				DEBUG_INFORMATION_FORMAT = dwarf;
				ENABLE_STRICT_OBJC_MSGSEND = YES;
				ENABLE_TESTABILITY = YES;
				GCC_C_LANGUAGE_STANDARD = gnu11;
				GCC_DYNAMIC_NO_PIC = NO;
				GCC_NO_COMMON_BLOCKS = YES;
				GCC_OPTIMIZATION_LEVEL = 0;
				GCC_PREPROCESSOR_DEFINITIONS = (
					"DEBUG=1",
					"$(inherited)",
				);
				GCC_WARN_64_TO_32_BIT_CONVERSION = YES;
				GCC_WARN_ABOUT_RETURN_TYPE = YES_ERROR;
				GCC_WARN_UNDECLARED_SELECTOR = YES;
				GCC_WARN_UNINITIALIZED_AUTOS = YES_AGGRESSIVE;
				GCC_WARN_UNUSED_FUNCTION = YES;
				GCC_WARN_UNUSED_VARIABLE = YES;
				IPHONEOS_DEPLOYMENT_TARGET = 12.2;
				MTL_ENABLE_DEBUG_INFO = INCLUDE_SOURCE;
				MTL_FAST_MATH = YES;
				ONLY_ACTIVE_ARCH = YES;
				SDKROOT = iphoneos;
			};
			name = Debug;
		};
		4ED50D1022B0FF6800241BE5 /* Release */ = {
			isa = XCBuildConfiguration;
			buildSettings = {
				ALWAYS_SEARCH_USER_PATHS = NO;
				CLANG_ANALYZER_NONNULL = YES;
				CLANG_ANALYZER_NUMBER_OBJECT_CONVERSION = YES_AGGRESSIVE;
				CLANG_CXX_LANGUAGE_STANDARD = "gnu++14";
				CLANG_CXX_LIBRARY = "libc++";
				CLANG_ENABLE_MODULES = YES;
				CLANG_ENABLE_OBJC_ARC = YES;
				CLANG_ENABLE_OBJC_WEAK = YES;
				CLANG_WARN_BLOCK_CAPTURE_AUTORELEASING = YES;
				CLANG_WARN_BOOL_CONVERSION = YES;
				CLANG_WARN_COMMA = YES;
				CLANG_WARN_CONSTANT_CONVERSION = YES;
				CLANG_WARN_DEPRECATED_OBJC_IMPLEMENTATIONS = YES;
				CLANG_WARN_DIRECT_OBJC_ISA_USAGE = YES_ERROR;
				CLANG_WARN_DOCUMENTATION_COMMENTS = YES;
				CLANG_WARN_EMPTY_BODY = YES;
				CLANG_WARN_ENUM_CONVERSION = YES;
				CLANG_WARN_INFINITE_RECURSION = YES;
				CLANG_WARN_INT_CONVERSION = YES;
				CLANG_WARN_NON_LITERAL_NULL_CONVERSION = YES;
				CLANG_WARN_OBJC_IMPLICIT_RETAIN_SELF = YES;
				CLANG_WARN_OBJC_LITERAL_CONVERSION = YES;
				CLANG_WARN_OBJC_ROOT_CLASS = YES_ERROR;
				CLANG_WARN_RANGE_LOOP_ANALYSIS = YES;
				CLANG_WARN_STRICT_PROTOTYPES = YES;
				CLANG_WARN_SUSPICIOUS_MOVE = YES;
				CLANG_WARN_UNGUARDED_AVAILABILITY = YES_AGGRESSIVE;
				CLANG_WARN_UNREACHABLE_CODE = YES;
				CLANG_WARN__DUPLICATE_METHOD_MATCH = YES;
				CODE_SIGN_IDENTITY = "iPhone Developer";
				COPY_PHASE_STRIP = NO;
				DEBUG_INFORMATION_FORMAT = "dwarf-with-dsym";
				ENABLE_NS_ASSERTIONS = NO;
				ENABLE_STRICT_OBJC_MSGSEND = YES;
				GCC_C_LANGUAGE_STANDARD = gnu11;
				GCC_NO_COMMON_BLOCKS = YES;
				GCC_WARN_64_TO_32_BIT_CONVERSION = YES;
				GCC_WARN_ABOUT_RETURN_TYPE = YES_ERROR;
				GCC_WARN_UNDECLARED_SELECTOR = YES;
				GCC_WARN_UNINITIALIZED_AUTOS = YES_AGGRESSIVE;
				GCC_WARN_UNUSED_FUNCTION = YES;
				GCC_WARN_UNUSED_VARIABLE = YES;
				IPHONEOS_DEPLOYMENT_TARGET = 12.2;
				MTL_ENABLE_DEBUG_INFO = NO;
				MTL_FAST_MATH = YES;
				SDKROOT = iphoneos;
				VALIDATE_PRODUCT = YES;
			};
			name = Release;
		};
		4ED50D1222B0FF6800241BE5 /* Debug */ = {
			isa = XCBuildConfiguration;
			baseConfigurationReference = BB9FC7F95E83AF6955507633 /* Pods-MSViewBorder.debug.xcconfig */;
			buildSettings = {
				ASSETCATALOG_COMPILER_APPICON_NAME = AppIcon;
				CODE_SIGN_STYLE = Automatic;
				INFOPLIST_FILE = MSViewBorder/Info.plist;
				LD_RUNPATH_SEARCH_PATHS = (
					"$(inherited)",
					"@executable_path/Frameworks",
				);
				PRODUCT_BUNDLE_IDENTIFIER = com.ms.MSViewBorder;
				PRODUCT_NAME = "$(TARGET_NAME)";
				TARGETED_DEVICE_FAMILY = "1,2";
			};
			name = Debug;
		};
		4ED50D1322B0FF6800241BE5 /* Release */ = {
			isa = XCBuildConfiguration;
			baseConfigurationReference = 4EF4719A1A0444987CEEE743 /* Pods-MSViewBorder.release.xcconfig */;
			buildSettings = {
				ASSETCATALOG_COMPILER_APPICON_NAME = AppIcon;
				CODE_SIGN_STYLE = Automatic;
				INFOPLIST_FILE = MSViewBorder/Info.plist;
				LD_RUNPATH_SEARCH_PATHS = (
					"$(inherited)",
					"@executable_path/Frameworks",
				);
				PRODUCT_BUNDLE_IDENTIFIER = com.ms.MSViewBorder;
				PRODUCT_NAME = "$(TARGET_NAME)";
				TARGETED_DEVICE_FAMILY = "1,2";
			};
			name = Release;
		};
		4ED50D1522B0FF6800241BE5 /* Debug */ = {
			isa = XCBuildConfiguration;
			baseConfigurationReference = C44EDF8B463416ECC728D1D7 /* Pods-MSViewBorderTests.debug.xcconfig */;
			buildSettings = {
				BUNDLE_LOADER = "$(TEST_HOST)";
				CODE_SIGN_STYLE = Automatic;
				INFOPLIST_FILE = MSViewBorderTests/Info.plist;
				LD_RUNPATH_SEARCH_PATHS = (
					"$(inherited)",
					"@executable_path/Frameworks",
					"@loader_path/Frameworks",
				);
				PRODUCT_BUNDLE_IDENTIFIER = com.ms.MSViewBorderTests;
				PRODUCT_NAME = "$(TARGET_NAME)";
				TARGETED_DEVICE_FAMILY = "1,2";
				TEST_HOST = "$(BUILT_PRODUCTS_DIR)/MSViewBorder.app/MSViewBorder";
			};
			name = Debug;
		};
		4ED50D1622B0FF6800241BE5 /* Release */ = {
			isa = XCBuildConfiguration;
			baseConfigurationReference = 2EFF46152B56C09B9A08B776 /* Pods-MSViewBorderTests.release.xcconfig */;
			buildSettings = {
				BUNDLE_LOADER = "$(TEST_HOST)";
				CODE_SIGN_STYLE = Automatic;
				INFOPLIST_FILE = MSViewBorderTests/Info.plist;
				LD_RUNPATH_SEARCH_PATHS = (
					"$(inherited)",
					"@executable_path/Frameworks",
					"@loader_path/Frameworks",
				);
				PRODUCT_BUNDLE_IDENTIFIER = com.ms.MSViewBorderTests;
				PRODUCT_NAME = "$(TARGET_NAME)";
				TARGETED_DEVICE_FAMILY = "1,2";
				TEST_HOST = "$(BUILT_PRODUCTS_DIR)/MSViewBorder.app/MSViewBorder";
			};
			name = Release;
		};
		4ED50D1822B0FF6800241BE5 /* Debug */ = {
			isa = XCBuildConfiguration;
			baseConfigurationReference = 15BED68BA7FFDD2281B6DD9E /* Pods-MSViewBorderUITests.debug.xcconfig */;
			buildSettings = {
				CODE_SIGN_STYLE = Automatic;
				INFOPLIST_FILE = MSViewBorderUITests/Info.plist;
				LD_RUNPATH_SEARCH_PATHS = (
					"$(inherited)",
					"@executable_path/Frameworks",
					"@loader_path/Frameworks",
				);
				PRODUCT_BUNDLE_IDENTIFIER = com.ms.MSViewBorderUITests;
				PRODUCT_NAME = "$(TARGET_NAME)";
				TARGETED_DEVICE_FAMILY = "1,2";
				TEST_TARGET_NAME = MSViewBorder;
			};
			name = Debug;
		};
		4ED50D1922B0FF6800241BE5 /* Release */ = {
			isa = XCBuildConfiguration;
			baseConfigurationReference = 7F86ECE0EF61C336095C64AC /* Pods-MSViewBorderUITests.release.xcconfig */;
			buildSettings = {
				CODE_SIGN_STYLE = Automatic;
				INFOPLIST_FILE = MSViewBorderUITests/Info.plist;
				LD_RUNPATH_SEARCH_PATHS = (
					"$(inherited)",
					"@executable_path/Frameworks",
					"@loader_path/Frameworks",
				);
				PRODUCT_BUNDLE_IDENTIFIER = com.ms.MSViewBorderUITests;
				PRODUCT_NAME = "$(TARGET_NAME)";
				TARGETED_DEVICE_FAMILY = "1,2";
				TEST_TARGET_NAME = MSViewBorder;
			};
			name = Release;
		};
/* End XCBuildConfiguration section */

/* Begin XCConfigurationList section */
		4ED50CE022B0FF6700241BE5 /* Build configuration list for PBXProject "MSViewBorder" */ = {
			isa = XCConfigurationList;
			buildConfigurations = (
				4ED50D0F22B0FF6800241BE5 /* Debug */,
				4ED50D1022B0FF6800241BE5 /* Release */,
			);
			defaultConfigurationIsVisible = 0;
			defaultConfigurationName = Release;
		};
		4ED50D1122B0FF6800241BE5 /* Build configuration list for PBXNativeTarget "MSViewBorder" */ = {
			isa = XCConfigurationList;
			buildConfigurations = (
				4ED50D1222B0FF6800241BE5 /* Debug */,
				4ED50D1322B0FF6800241BE5 /* Release */,
			);
			defaultConfigurationIsVisible = 0;
			defaultConfigurationName = Release;
		};
		4ED50D1422B0FF6800241BE5 /* Build configuration list for PBXNativeTarget "MSViewBorderTests" */ = {
			isa = XCConfigurationList;
			buildConfigurations = (
				4ED50D1522B0FF6800241BE5 /* Debug */,
				4ED50D1622B0FF6800241BE5 /* Release */,
			);
			defaultConfigurationIsVisible = 0;
			defaultConfigurationName = Release;
		};
		4ED50D1722B0FF6800241BE5 /* Build configuration list for PBXNativeTarget "MSViewBorderUITests" */ = {
			isa = XCConfigurationList;
			buildConfigurations = (
				4ED50D1822B0FF6800241BE5 /* Debug */,
				4ED50D1922B0FF6800241BE5 /* Release */,
			);
			defaultConfigurationIsVisible = 0;
			defaultConfigurationName = Release;
		};
/* End XCConfigurationList section */
	};
	rootObject = 4ED50CDD22B0FF6700241BE5 /* Project object */;
}
